
Microsoft Visual Studio Solution File, Format Version 12.00
# Visual Studio Version 16
VisualStudioVersion = 16.0.31321.278
MinimumVisualStudioVersion = 10.0.40219.1
Project("{FAE04EC0-301F-11D3-BF4B-00C04F79EFBC}") = "RomanNumerals", ".\RomanNumerals\RomanNumerals.csproj", "{C386C198-590D-4D52-B7D4-E753AF2BA83A}"
EndProject
Project("{FAE04EC0-301F-11D3-BF4B-00C04F79EFBC}") = "RomanNumeralsTest", ".\RomanNumeralsTest\RomanNumeralsTest.csproj", "{EEB2B38E-5BEF-4ADC-B5EC-81FBAEB765EB}"
EndProject
Global
	GlobalSection(SolutionConfigurationPlatforms) = preSolution
		Debug|Any CPU = Debug|Any CPU
		Release|Any CPU = Release|Any CPU
	EndGlobalSection
	GlobalSection(ProjectConfigurationPlatforms) = postSolution
		{C386C198-590D-4D52-B7D4-E753AF2BA83A}.Debug|Any CPU.ActiveCfg = Debug|Any CPU
		{C386C198-590D-4D52-B7D4-E753AF2BA83A}.Debug|Any CPU.Build.0 = Debug|Any CPU
		{C386C198-590D-4D52-B7D4-E753AF2BA83A}.Release|Any CPU.ActiveCfg = Release|Any CPU
		{C386C198-590D-4D52-B7D4-E753AF2BA83A}.Release|Any CPU.Build.0 = Release|Any CPU
		{EEB2B38E-5BEF-4ADC-B5EC-81FBAEB765EB}.Debug|Any CPU.ActiveCfg = Debug|Any CPU
		{EEB2B38E-5BEF-4ADC-B5EC-81FBAEB765EB}.Debug|Any CPU.Build.0 = Debug|Any CPU
		{EEB2B38E-5BEF-4ADC-B5EC-81FBAEB765EB}.Release|Any CPU.ActiveCfg = Release|Any CPU
		{EEB2B38E-5BEF-4ADC-B5EC-81FBAEB765EB}.Release|Any CPU.Build.0 = Release|Any CPU
	EndGlobalSection
	GlobalSection(SolutionProperties) = preSolution
		HideSolutionNode = FALSE
	EndGlobalSection
	GlobalSection(ExtensibilityGlobals) = postSolution
		SolutionGuid = {DFCCC184-B0C6-462E-BA54-8B984782C1C6}
	EndGlobalSection
EndGlobal
